<?xml version="1.0" encoding="utf-8"?>
<Project ToolsVersion="4.0" xmlns="http://schemas.microsoft.com/developer/msbuild/2003">
  <ItemGroup>
    <Filter Include="源文件">
      <UniqueIdentifier>{4FC737F1-C7A5-4376-A066-2A32D752A2FF}</UniqueIdentifier>
      <Extensions>cpp;c;cc;cxx;def;odl;idl;hpj;bat;asm;asmx</Extensions>
    </Filter>
    <Filter Include="头文件">
      <UniqueIdentifier>{93995380-89BD-4b04-88EB-625FBE52EBFB}</UniqueIdentifier>
      <Extensions>h;hh;hpp;hxx;hm;inl;inc;xsd</Extensions>
    </Filter>
    <Filter Include="资源文件">
      <UniqueIdentifier>{67DA6AB6-F800-4c08-8B7A-83BB121AAD01}</UniqueIdentifier>
      <Extensions>rc;ico;cur;bmp;dlg;rc2;rct;bin;rgs;gif;jpg;jpeg;jpe;resx;tiff;tif;png;wav;mfcribbon-ms</Extensions>
    </Filter>
    <Filter Include="tinyxml">
      <UniqueIdentifier>{ff1fd743-3004-4439-82d4-3f483bd1d094}</UniqueIdentifier>
    </Filter>
    <Filter Include="coredump">
      <UniqueIdentifier>{fa5f460c-3e58-4ea3-9bdb-ec5a70e7c4db}</UniqueIdentifier>
    </Filter>
    <Filter Include="libAVI">
      <UniqueIdentifier>{29bf923e-addd-438c-9c41-ecf41c465483}</UniqueIdentifier>
    </Filter>
    <Filter Include="utilityTool">
      <UniqueIdentifier>{feff275e-2c02-42d4-8b4f-739eec239d8f}</UniqueIdentifier>
    </Filter>
  </ItemGroup>
  <ItemGroup>
    <Text Include="ReadMe.txt" />
  </ItemGroup>
  <ItemGroup>
    <ClInclude Include="stdafx.h">
      <Filter>头文件</Filter>
    </ClInclude>
    <ClInclude Include="targetver.h">
      <Filter>头文件</Filter>
    </ClInclude>
    <ClInclude Include="VideoCard_SignalwayPCC.h">
      <Filter>头文件</Filter>
    </ClInclude>
    <ClInclude Include="resource.h">
      <Filter>头文件</Filter>
    </ClInclude>
    <ClInclude Include="BaseCamera.h">
      <Filter>头文件</Filter>
    </ClInclude>
    <ClInclude Include="Camera6467_plate.h">
      <Filter>头文件</Filter>
    </ClInclude>
    <ClInclude Include="CameraResult.h">
      <Filter>头文件</Filter>
    </ClInclude>
    <ClInclude Include="coredump\MiniDumper.h">
      <Filter>coredump</Filter>
    </ClInclude>
    <ClInclude Include="tinyxml\tinystr.h">
      <Filter>tinyxml</Filter>
    </ClInclude>
    <ClInclude Include="tinyxml\tinyxml.h">
      <Filter>tinyxml</Filter>
    </ClInclude>
    <ClInclude Include="CommonDef_VPR.h">
      <Filter>头文件</Filter>
    </ClInclude>
    <ClInclude Include="Camera6467.h">
      <Filter>头文件</Filter>
    </ClInclude>
    <ClInclude Include="libAVI\avilib.h">
      <Filter>libAVI</Filter>
    </ClInclude>
    <ClInclude Include="libAVI\cAviLib.h">
      <Filter>libAVI</Filter>
    </ClInclude>
    <ClInclude Include="libAVI\CusH264Struct.h">
      <Filter>libAVI</Filter>
    </ClInclude>
    <ClInclude Include="libAVI\MyH264Saver.h">
      <Filter>libAVI</Filter>
    </ClInclude>
    <ClInclude Include="utilityTool\ToolFunction.h">
      <Filter>utilityTool</Filter>
    </ClInclude>
    <ClInclude Include="utilityTool\log4z.h">
      <Filter>utilityTool</Filter>
    </ClInclude>
  </ItemGroup>
  <ItemGroup>
    <ClCompile Include="stdafx.cpp">
      <Filter>源文件</Filter>
    </ClCompile>
    <ClCompile Include="VideoCard_SignalwayPCC.cpp">
      <Filter>源文件</Filter>
    </ClCompile>
    <ClCompile Include="dllmain.cpp">
      <Filter>源文件</Filter>
    </ClCompile>
    <ClCompile Include="BaseCamera.cpp">
      <Filter>源文件</Filter>
    </ClCompile>
    <ClCompile Include="Camera6467_plate.cpp">
      <Filter>源文件</Filter>
    </ClCompile>
    <ClCompile Include="CameraResult.cpp">
      <Filter>源文件</Filter>
    </ClCompile>
    <ClCompile Include="coredump\MiniDumper.cpp">
      <Filter>coredump</Filter>
    </ClCompile>
    <ClCompile Include="tinyxml\tinystr.cpp">
      <Filter>tinyxml</Filter>
    </ClCompile>
    <ClCompile Include="tinyxml\tinyxml.cpp">
      <Filter>tinyxml</Filter>
    </ClCompile>
    <ClCompile Include="tinyxml\tinyxmlerror.cpp">
      <Filter>tinyxml</Filter>
    </ClCompile>
    <ClCompile Include="tinyxml\tinyxmlparser.cpp">
      <Filter>tinyxml</Filter>
    </ClCompile>
    <ClCompile Include="Camera6467.cpp">
      <Filter>源文件</Filter>
    </ClCompile>
    <ClCompile Include="libAVI\avilib.c">
      <Filter>libAVI</Filter>
    </ClCompile>
    <ClCompile Include="libAVI\cAviLib.cpp">
      <Filter>libAVI</Filter>
    </ClCompile>
    <ClCompile Include="libAVI\CusH264Struct.cpp">
      <Filter>libAVI</Filter>
    </ClCompile>
    <ClCompile Include="libAVI\MyH264Saver.cpp">
      <Filter>libAVI</Filter>
    </ClCompile>
    <ClCompile Include="utilityTool\ToolFunction.cpp">
      <Filter>utilityTool</Filter>
    </ClCompile>
    <ClCompile Include="utilityTool\log4z.cpp">
      <Filter>utilityTool</Filter>
    </ClCompile>
  </ItemGroup>
  <ItemGroup>
    <ResourceCompile Include="VideoCard_SignalwayPCC.rc">
      <Filter>资源文件</Filter>
    </ResourceCompile>
  </ItemGroup>
  <ItemGroup>
    <None Include="VideoCard_Signalway.def">
      <Filter>源文件</Filter>
    </None>
  </ItemGroup>
</Project>